
Microsoft Visual Studio Solution File, Format Version 12.00
# Visual Studio Version 17
VisualStudioVersion = 17.0.32112.339
MinimumVisualStudioVersion = 10.0.40219.1
Project("{FAE04EC0-301F-11D3-BF4B-00C04F79EFBC}") = "VerifyTask", "VerifyTask\VerifyTask.csproj", "{163194AE-0777-4A10-9F5A-8DBF1FD6FB39}"
EndProject
Global
	GlobalSection(SolutionConfigurationPlatforms) = preSolution
		Debug|Any CPU = Debug|Any CPU
		Release|Any CPU = Release|Any CPU
	EndGlobalSection
	GlobalSection(ProjectConfigurationPlatforms) = postSolution
		{163194AE-0777-4A10-9F5A-8DBF1FD6FB39}.Debug|Any CPU.ActiveCfg = Debug|Any CPU
		{163194AE-0777-4A10-9F5A-8DBF1FD6FB39}.Debug|Any CPU.Build.0 = Debug|Any CPU
		{163194AE-0777-4A10-9F5A-8DBF1FD6FB39}.Release|Any CPU.ActiveCfg = Release|Any CPU
		{163194AE-0777-4A10-9F5A-8DBF1FD6FB39}.Release|Any CPU.Build.0 = Release|Any CPU
	EndGlobalSection
	GlobalSection(SolutionProperties) = preSolution
		HideSolutionNode = FALSE
	EndGlobalSection
	GlobalSection(ExtensibilityGlobals) = postSolution
		SolutionGuid = {8A729132-84B2-4F26-8E58-F78A33456078}
	EndGlobalSection
EndGlobal
